github.com/fsnotify/fsnotify v1.4.9 h1:hsms1Qyu0jgnwNXIxa+/V/PDsU6CfLf6CNO8H7IWoS4=
github.com/fsnotify/fsnotify v1.4.9/go.mod h1:znqG4EE+3YCdAaPaxE2ZRY/06pZUdp0tY4IgpuI1SZQ=
github.com/godbus/dbus/v5 v5.0.3 h1:ZqHaoEF7TBzh4jzPmqVhE/5A1z9of6orkAe5uHoAeME=
github.com/godbus/dbus/v5 v5.0.3/go.mod h1:xhWf0FNVPg57R7Z0UbKHbJfkEywrmjJnf7w5xrFpKfA=
github.com/hattya/go.binfmt v0.0.0-20201203130508-486490adb603 h1:mUOgt0wcJuaC9TpkXE/SKmUuBYOtfdxTzc7uixHTIuQ=
github.com/hattya/go.binfmt v0.0.0-20201203130508-486490adb603/go.mod h1:hVu2+fJ04kO86ST9acBzMWNbD9PGWjOf2P3fHjnYFZ4=
github.com/hattya/go.cli v0.0.0-20201203130601-ce0f880dcc8b h1:s+bEG/K/HBVaJXUc2dYDLGHAhgxN55GsvuCtO6ZxEfk=
github.com/hattya/go.cli v0.0.0-20201203130601-ce0f880dcc8b/go.mod h1:MRKMr3qXoJPfXUUIUU6TZ3rKrfEHgBDnvdIy5KAhFUs=
github.com/hattya/go.notify v0.0.0-20201207132218-f85fc95cf648 h1:Xg2UIpXXN+TsN54fEvwekl/CgMvYEvcyLEvTGrzfYRM=
github.com/hattya/go.notify v0.0.0-20201207132218-f85fc95cf648/go.mod h1:lJopi7AD2HgknzoYY3fzqs5hodbG2unhdpzGs8AzjI0=
github.com/hattya/otto.module v0.0.0-20201223132946-c3fe36d90b4c h1:et78+5Hu8UP+zxyEC0bi5is0Tv5xVqRWsDYpiRxIsxY=
github.com/hattya/otto.module v0.0.0-20201223132946-c3fe36d90b4c/go.mod h1:f4lY99aLQsEAOTMsl8epXYNid2WPDWxfT0UQMddVV5M=
github.com/robertkrimen/otto v0.0.0-20200922221731-ef014fd054ac h1:kYPjbEN6YPYWWHI6ky1J813KzIq/8+Wg4TO4xU7A/KU=
github.com/robertkrimen/otto v0.0.0-20200922221731-ef014fd054ac/go.mod h1:xvqspoSXJTIpemEonrMDFq6XzwHYYgToXWj5eRX1OtY=
github.com/saracen/walker v0.1.2 h1:/o1TxP82n8thLvmL4GpJXduYaRmJ7qXp8u9dSlV0zmo=
github.com/saracen/walker v0.1.2/go.mod h1:0oKYMsKVhSJ+ful4p/XbjvXbMgLEkLITZaxozsl4CGE=
golang.org/x/sync v0.0.0-20200317015054-43a5402ce75a h1:WXEvlFVvvGxCJLG6REjsT03iWnKLEWinaScsxF2Vm2o=
golang.org/x/sync v0.0.0-20200317015054-43a5402ce75a/go.mod h1:RxMgew5VJxzue5/jJTE5uejpjVlOe/izrB70Jof72aM=
golang.org/x/sys v0.0.0-20191005200804-aed5e4c7ecf9/go.mod h1:h1NjWce9XRLGQEsW7wpKNCjG9DtNlClVuFLEZdDNbEs=
golang.org/x/sys v0.0.0-20191026070338-33540a1f6037/go.mod h1:h1NjWce9XRLGQEsW7wpKNCjG9DtNlClVuFLEZdDNbEs=
golang.org/x/sys v0.0.0-20201113233024-12cec1faf1ba h1:xmhUJGQGbxlod18iJGqVEp9cHIPLl7QiX2aA3to708s=
golang.org/x/sys v0.0.0-20201113233024-12cec1faf1ba/go.mod h1:h1NjWce9XRLGQEsW7wpKNCjG9DtNlClVuFLEZdDNbEs=
golang.org/x/term v0.0.0-20201117132131-f5c789dd3221 h1:/ZHdbVpdR/jk3g30/d4yUL0JU9kksj8+F/bnQUVLGDM=
golang.org/x/term v0.0.0-20201117132131-f5c789dd3221/go.mod h1:Nr5EML6q2oocZ2LXRh80K7BxOlk5/8JxuGnuhpl+muw=
gopkg.in/sourcemap.v1 v1.0.5 h1:inv58fC9f9J3TK2Y2R1NPntXEn3/wjWHkonhIUODNTI=
gopkg.in/sourcemap.v1 v1.0.5/go.mod h1:2RlvNNSMglmRrcvhfuzp4hQHwOtjxlbjX7UPY/GXb78=
