github.com/chzyer/logex v1.1.10/go.mod h1:+Ywpsq7O8HXn0nuIou7OrIPyXbp3wmkHB+jjWRnGsAI=
github.com/chzyer/test v0.0.0-20180213035817-a1ea475d72b1/go.mod h1:Q3SI9o4m/ZMnBNeIyt5eFwwo7qiLfzFZmjNmxjkiQlU=
github.com/davecgh/go-spew v1.1.0 h1:ZDRjVQ15GmhC3fiQ8ni8+OwkZQO4DARzQgrnXU1Liz8=
github.com/davecgh/go-spew v1.1.0/go.mod h1:J7Y8YcW2NihsgmVo/mv3lAwl/skON4iLHjSsI+c5H38=
github.com/fsnotify/fsnotify v1.5.1 h1:mZcQUHVQUQWoPXXtuf9yuEXKudkV2sx1E06UadKWpgI=
github.com/fsnotify/fsnotify v1.5.1/go.mod h1:T3375wBYaZdLLcVNkcVbzGHY7f1l/uK5T5Ai1i3InKU=
github.com/godbus/dbus/v5 v5.1.0 h1:4KLkAxT3aOY8Li4FRJe/KvhoNFFxo0m6fNuFUO8QJUk=
github.com/godbus/dbus/v5 v5.1.0/go.mod h1:xhWf0FNVPg57R7Z0UbKHbJfkEywrmjJnf7w5xrFpKfA=
github.com/hattya/go.binfmt v0.0.0-20220327123938-c5791c2439fb h1:Bb33yl1pyZLehZg0SCrIZNY+MnCPi1zpmzT6PmiwYZI=
github.com/hattya/go.binfmt v0.0.0-20220327123938-c5791c2439fb/go.mod h1:lu67ecpZVoS0eRDwBPhxfX3JWSLwfXrZ1esg3QekYwU=
github.com/hattya/go.cli v0.0.0-20220328120704-5245e45808f2 h1:rH4ujIletncT1Ve5eF7wm/lTnPoKHv3Si/KOUHWA2n4=
github.com/hattya/go.cli v0.0.0-20220328120704-5245e45808f2/go.mod h1:Y9j6u4v8QV/aXYGktxDthihS3KAUyq3Coz4gVVZ6DjI=
github.com/hattya/go.notify v0.0.0-20220331123206-66d525c98650 h1:QKihwQhjGfm94UjPJmMJhJyWZGCoI3Hkz0w65e9VaXw=
github.com/hattya/go.notify v0.0.0-20220331123206-66d525c98650/go.mod h1:a20PdDf84PukSboQrzQ/MLir3vMJqMkvDU4D7dxtOdA=
github.com/hattya/otto.module v0.0.0-20220407121228-93108deda731 h1:nOOs0oMaGdE66vZaGFVZdfyetoXOHxdRiU3Luwz+Pfc=
github.com/hattya/otto.module v0.0.0-20220407121228-93108deda731/go.mod h1:drnde4q3x/fW+D0zeTwHWwkvea0P7HMDAtZIhBBIPQk=
github.com/pmezard/go-difflib v1.0.0 h1:4DBwDE0NGyQoBHbLQYPwSUPoCMWR5BEzIk/f1lZbAQM=
github.com/pmezard/go-difflib v1.0.0/go.mod h1:iKH77koFhYxTK1pcRnkKkqfTogsbg7gZNVY4sRDYZ/4=
github.com/robertkrimen/otto v0.0.0-20211024170158-b87d35c0b86f h1:a7clxaGmmqtdNTXyvrp/lVO/Gnkzlhc/+dLs5v965GM=
github.com/robertkrimen/otto v0.0.0-20211024170158-b87d35c0b86f/go.mod h1:/mK7FZ3mFYEn9zvNPhpngTyatyehSwte5bJZ4ehL5Xw=
github.com/saracen/walker v0.1.2 h1:/o1TxP82n8thLvmL4GpJXduYaRmJ7qXp8u9dSlV0zmo=
github.com/saracen/walker v0.1.2/go.mod h1:0oKYMsKVhSJ+ful4p/XbjvXbMgLEkLITZaxozsl4CGE=
github.com/stretchr/objx v0.1.0/go.mod h1:HFkY916IF+rwdDfMAkV7OtwuqBVzrE8GR6GFx+wExME=
github.com/stretchr/testify v1.7.0 h1:nwc3DEeHmmLAfoZucVR881uASk0Mfjw8xYJ99tb5CcY=
github.com/stretchr/testify v1.7.0/go.mod h1:6Fq8oRcR53rry900zMqJjRRixrwX3KX962/h/Wwjteg=
golang.org/x/sync v0.0.0-20200317015054-43a5402ce75a h1:WXEvlFVvvGxCJLG6REjsT03iWnKLEWinaScsxF2Vm2o=
golang.org/x/sync v0.0.0-20200317015054-43a5402ce75a/go.mod h1:RxMgew5VJxzue5/jJTE5uejpjVlOe/izrB70Jof72aM=
golang.org/x/sys v0.0.0-20210615035016-665e8c7367d1/go.mod h1:oPkhp1MJrh7nUepCBck5+mAzfO9JrbApNNgaTdGDITg=
golang.org/x/sys v0.0.0-20210630005230-0f9fa26af87c/go.mod h1:oPkhp1MJrh7nUepCBck5+mAzfO9JrbApNNgaTdGDITg=
golang.org/x/sys v0.0.0-20220319134239-a9b59b0215f8 h1:OH54vjqzRWmbJ62fjuhxy7AxFFgoHN0/DPc/UrL8cAs=
golang.org/x/sys v0.0.0-20220319134239-a9b59b0215f8/go.mod h1:oPkhp1MJrh7nUepCBck5+mAzfO9JrbApNNgaTdGDITg=
golang.org/x/term v0.0.0-20210615171337-6886f2dfbf5b h1:9zKuko04nR4gjZ4+DNjHqRlAJqbJETHwiNKDqTfOjfE=
golang.org/x/term v0.0.0-20210615171337-6886f2dfbf5b/go.mod h1:jbD1KX2456YbFQfuXm/mYQcufACuNUgVhRMnK/tPxf8=
gopkg.in/check.v1 v0.0.0-20161208181325-20d25e280405/go.mod h1:Co6ibVJAznAaIkqp8huTwlJQCZ016jof/cbN4VW5Yz0=
gopkg.in/readline.v1 v1.0.0-20160726135117-62c6fe619375/go.mod h1:lNEQeAhU009zbRxng+XOj5ITVgY24WcbNnQopyfKoYQ=
gopkg.in/sourcemap.v1 v1.0.5 h1:inv58fC9f9J3TK2Y2R1NPntXEn3/wjWHkonhIUODNTI=
gopkg.in/sourcemap.v1 v1.0.5/go.mod h1:2RlvNNSMglmRrcvhfuzp4hQHwOtjxlbjX7UPY/GXb78=
gopkg.in/yaml.v3 v3.0.0-20200313102051-9f266ea9e77c h1:dUUwHk2QECo/6vqA44rthZ8ie2QXMNeKRTHCNY2nXvo=
gopkg.in/yaml.v3 v3.0.0-20200313102051-9f266ea9e77c/go.mod h1:K4uyk7z7BCEPqu6E+C64Yfv1cQ7kz7rIZviUmN+EgEM=
