github.com/davecgh/go-spew v1.1.1 h1:vj9j/u1bqnvCEfJOwUhtlOARqs3+rkHYY13jYWTU97c=
github.com/fsnotify/fsnotify v1.7.0 h1:8JEhPFa5W2WU7YfeZzPNqzMP6Lwt7L2715Ggo0nosvA=
github.com/fsnotify/fsnotify v1.7.0/go.mod h1:40Bi/Hjc2AVfZrqy+aj+yEI+/bRxZnMJyTJwOpGvigM=
github.com/godbus/dbus/v5 v5.1.0 h1:4KLkAxT3aOY8Li4FRJe/KvhoNFFxo0m6fNuFUO8QJUk=
github.com/godbus/dbus/v5 v5.1.0/go.mod h1:xhWf0FNVPg57R7Z0UbKHbJfkEywrmjJnf7w5xrFpKfA=
github.com/hattya/go.binfmt v0.0.0-20240224133808-f33e9fcce8d0 h1:FAxzueqx7B89CDOKldQQp1MWFifGXd1kAcBPvM04ldU=
github.com/hattya/go.binfmt v0.0.0-20240224133808-f33e9fcce8d0/go.mod h1:EPX5K0mjtSQebYfVHn9FaQXe8NiCDWZcgI4cnx7ZEIY=
github.com/hattya/go.cli v0.0.0-20240224134234-a3d968fc2105 h1:elVFwpYd4Aogt2IFtd8yZ+Gn2QQALysLQla8kfC871o=
github.com/hattya/go.cli v0.0.0-20240224134234-a3d968fc2105/go.mod h1:D1iOybTnGw3fgxlL3j1ho7PQ+/elh2g9BwEo3mOp/tw=
github.com/hattya/go.notify v0.0.0-20240226125912-955f7ed0ca53 h1:ESnKwgS6CDwvS4Pj+ZobHXAmtyCHhNV3s4RJkiZ5Wh0=
github.com/hattya/go.notify v0.0.0-20240226125912-955f7ed0ca53/go.mod h1:rZREGauDiyveCd3DTiAq1nKxANbUDHTTj0WrtmB78N4=
github.com/hattya/otto.module v0.0.0-20240419123743-b4433d1d083f h1:7VBgkJQfxb6aMe1Im00w9arC0mI0JeHLy5tFjbaFrDQ=
github.com/hattya/otto.module v0.0.0-20240419123743-b4433d1d083f/go.mod h1:JV2zTaLFni2RlSyNBM2xbkKzJqRyMxxp4b59u5HLxoM=
github.com/pmezard/go-difflib v1.0.0 h1:4DBwDE0NGyQoBHbLQYPwSUPoCMWR5BEzIk/f1lZbAQM=
github.com/robertkrimen/otto v0.4.0 h1:/c0GRrK1XDPcgIasAsnlpBT5DelIeB9U/Z/JCQsgr7E=
github.com/robertkrimen/otto v0.4.0/go.mod h1:uW9yN1CYflmUQYvAMS0m+ZiNo3dMzRUDQJX0jWbzgxw=
github.com/saracen/walker v0.1.4 h1:/WCOt98GRkQ0KgL6hXJFBpoH21XY6iCD2N6LQWBFiaU=
github.com/saracen/walker v0.1.4/go.mod h1:2F+hfOidTHfXP2AmlKOqpO+yewf8fIvNUDBNJogpJbk=
github.com/stretchr/testify v1.8.1 h1:w7B6lhMri9wdJUVmEZPGGhZzrYTPvgJArz7wNPgYKsk=
golang.org/x/sync v0.6.0 h1:5BMeUDZ7vkXGfEr1x9B4bRcTH4lpkTkpdh0T/J+qjbQ=
golang.org/x/sync v0.6.0/go.mod h1:Czt+wKu1gCyEFDUtn0jG5QVvpJ6rzVqr5aXyt9drQfk=
golang.org/x/sys v0.17.0 h1:25cE3gD+tdBA7lp7QfhuV+rJiE9YXTcS3VG1SqssI/Y=
golang.org/x/sys v0.17.0/go.mod h1:/VUhepiaJMQUp4+oa/7Zr1D23ma6VTLIYjOOTFZPUcA=
golang.org/x/term v0.17.0 h1:mkTF7LCd6WGJNL3K1Ad7kwxNfYAW6a8a8QqtMblp/4U=
golang.org/x/term v0.17.0/go.mod h1:lLRBjIVuehSbZlaOtGMbcMncT+aqLLLmKrsjNrUguwk=
golang.org/x/text v0.13.0 h1:ablQoSUd0tRdKxZewP80B+BaqeKJuVhuRxj/dkrun3k=
golang.org/x/text v0.13.0/go.mod h1:TvPlkZtksWOMsz7fbANvkp4WM8x/WCo/om8BMLbz+aE=
gopkg.in/sourcemap.v1 v1.0.5 h1:inv58fC9f9J3TK2Y2R1NPntXEn3/wjWHkonhIUODNTI=
gopkg.in/sourcemap.v1 v1.0.5/go.mod h1:2RlvNNSMglmRrcvhfuzp4hQHwOtjxlbjX7UPY/GXb78=
gopkg.in/yaml.v3 v3.0.1 h1:fxVm/GzAzEWqLHuvctI91KS9hhNmmWOoWu0XTYJS7CA=
