# This file is autogenerated, do not edit; changes may be undone by the next 'dep ensure'.


[[projects]]
  branch = "master"
  name = "github.com/fsnotify/fsnotify"
  packages = ["."]
  revision = "4da3e2cfbabc9f751898f250b49f2439785783a1"

[[projects]]
  branch = "master"
  name = "github.com/hattya/go.binfmt"
  packages = ["."]
  revision = "0bf836a4c48b07d454254eeac1a653f027d40b8f"

[[projects]]
  branch = "master"
  name = "github.com/hattya/go.cli"
  packages = ["."]
  revision = "f792289f80e31c0ae2033e6ccf6664ac4f5cf201"

[[projects]]
  branch = "master"
  name = "github.com/hattya/go.notify"
  packages = [".","gntp","internal/util"]
  revision = "5691a5718f1cc47e7d970341a9af113e33734e86"

[[projects]]
  branch = "master"
  name = "github.com/robertkrimen/otto"
  packages = [".","ast","dbg","file","parser","registry","token"]
  revision = "68a29f5e29b18d7367e686c43cf74eba1900f548"

[[projects]]
  branch = "master"
  name = "golang.org/x/crypto"
  packages = ["ssh/terminal"]
  revision = "9f005a07e0d31d45e6656d241bb5c0f2efd4bc94"

[[projects]]
  branch = "master"
  name = "golang.org/x/sys"
  packages = ["unix","windows"]
  revision = "665f6529cca930e27b831a0d1dafffbe1c172924"

[[projects]]
  name = "gopkg.in/sourcemap.v1"
  packages = [".","base64vlq"]
  revision = "6e83acea0053641eff084973fee085f0c193c61a"
  version = "v1.0.5"

[solve-meta]
  analyzer-name = "dep"
  analyzer-version = 1
  inputs-digest = "8e566cabd43a6c270a399f453eebca57d3d46a304dc4ab98648fb4d783d103cb"
  solver-name = "gps-cdcl"
  solver-version = 1
