# This file is autogenerated, do not edit; changes may be undone by the next 'dep ensure'.


[[projects]]
  name = "github.com/fsnotify/fsnotify"
  packages = ["."]
  revision = "c2828203cd70a50dcccfb2761f8b1f8ceef9a8e9"
  version = "v1.4.7"

[[projects]]
  name = "github.com/godbus/dbus"
  packages = ["."]
  revision = "a389bdde4dd695d414e47b755e95e72b7826432c"
  version = "v4.1.0"

[[projects]]
  branch = "master"
  name = "github.com/hattya/go.binfmt"
  packages = ["."]
  revision = "2c02f549b5b8b1b41add156ba4a365488a552c9b"

[[projects]]
  branch = "master"
  name = "github.com/hattya/go.cli"
  packages = ["."]
  revision = "24167262e882618e2367d8833c86e700e9aadc13"

[[projects]]
  branch = "master"
  name = "github.com/hattya/go.notify"
  packages = [".","freedesktop","gntp","internal/sys","internal/util","windows"]
  revision = "4c35e06002ad04f25227e695dc65c6bcbd94b5cf"

[[projects]]
  branch = "master"
  name = "github.com/hattya/otto.module"
  packages = ["."]
  revision = "563881dc57fa137fea2a2c0c687a84188b4efbdf"

[[projects]]
  branch = "master"
  name = "github.com/robertkrimen/otto"
  packages = [".","ast","dbg","file","parser","registry","token"]
  revision = "3b44b4dcb6c00477273595c312908e2412d07da6"

[[projects]]
  branch = "master"
  name = "golang.org/x/crypto"
  packages = ["ssh/terminal"]
  revision = "13931e22f9e72ea58bb73048bc752b48c6d4d4ac"

[[projects]]
  branch = "master"
  name = "golang.org/x/sys"
  packages = ["unix","windows"]
  revision = "810d7000345868fc619eb81f46307107118f4ae1"

[[projects]]
  name = "gopkg.in/sourcemap.v1"
  packages = [".","base64vlq"]
  revision = "6e83acea0053641eff084973fee085f0c193c61a"
  version = "v1.0.5"

[solve-meta]
  analyzer-name = "dep"
  analyzer-version = 1
  inputs-digest = "b5898de0a3b1ff5cef8f552a536c035385e3299edf5b1059f5f90fe702511f23"
  solver-name = "gps-cdcl"
  solver-version = 1
